
Microsoft Visual Studio Solution File, Format Version 12.00
# Visual Studio 15
VisualStudioVersion = 15.0.27428.2015
MinimumVisualStudioVersion = 10.0.40219.1
Project("{FAE04EC0-301F-11D3-BF4B-00C04F79EFBC}") = "Pattern", "Pattern\Pattern.csproj", "{A1E0732D-B696-4F7C-AFBA-0652541AF46D}"
EndProject
Global
	GlobalSection(SolutionConfigurationPlatforms) = preSolution
		Debug|Any CPU = Debug|Any CPU
		Release|Any CPU = Release|Any CPU
	EndGlobalSection
	GlobalSection(ProjectConfigurationPlatforms) = postSolution
		{A1E0732D-B696-4F7C-AFBA-0652541AF46D}.Debug|Any CPU.ActiveCfg = Debug|Any CPU
		{A1E0732D-B696-4F7C-AFBA-0652541AF46D}.Debug|Any CPU.Build.0 = Debug|Any CPU
		{A1E0732D-B696-4F7C-AFBA-0652541AF46D}.Release|Any CPU.ActiveCfg = Release|Any CPU
		{A1E0732D-B696-4F7C-AFBA-0652541AF46D}.Release|Any CPU.Build.0 = Release|Any CPU
	EndGlobalSection
	GlobalSection(SolutionProperties) = preSolution
		HideSolutionNode = FALSE
	EndGlobalSection
	GlobalSection(ExtensibilityGlobals) = postSolution
		SolutionGuid = {3E3C761C-16C4-4102-8E3F-8BE561FB8E0C}
	EndGlobalSection
EndGlobal
