
Microsoft Visual Studio Solution File, Format Version 12.00
# Visual Studio 15
VisualStudioVersion = 15.0.27428.2015
MinimumVisualStudioVersion = 10.0.40219.1
Project("{FAE04EC0-301F-11D3-BF4B-00C04F79EFBC}") = "Pattern", "Pattern\Pattern.csproj", "{A1E0732D-B696-4F7C-AFBA-0652541AF46D}"
EndProject
Project("{FAE04EC0-301F-11D3-BF4B-00C04F79EFBC}") = "PatternLayer", "PatternLayer\PatternLayer.csproj", "{BF949099-AA72-439A-A8C1-BC57DB4C97FE}"
EndProject
Project("{FAE04EC0-301F-11D3-BF4B-00C04F79EFBC}") = "BuilderPattern", "BuilderPattern\BuilderPattern.csproj", "{5ACC3F95-91E1-41A0-AAB8-52C363F95EDE}"
EndProject
Project("{FAE04EC0-301F-11D3-BF4B-00C04F79EFBC}") = "FactoryMethod", "FactoryMethod\FactoryMethod.csproj", "{51218518-30D5-4CC2-89FB-8E0A6D262027}"
EndProject
Project("{FAE04EC0-301F-11D3-BF4B-00C04F79EFBC}") = "AbstractFactory", "AbstractFactory\AbstractFactory.csproj", "{4E841131-BE8E-45E5-B71C-BBC60FD4C3A1}"
EndProject
Project("{FAE04EC0-301F-11D3-BF4B-00C04F79EFBC}") = "PatternSingleton", "PatternSingleton\PatternSingleton.csproj", "{ABD335EC-2B6A-4B1F-AE82-7800F4943F16}"
EndProject
Project("{FAE04EC0-301F-11D3-BF4B-00C04F79EFBC}") = "PatternAdapter", "PatternAdapter\PatternAdapter.csproj", "{720A0339-E986-4AF5-9079-A114B5CF2227}"
EndProject
Project("{FAE04EC0-301F-11D3-BF4B-00C04F79EFBC}") = "Facade", "Facade\Facade.csproj", "{7A7CE511-9230-49CA-9A31-7D4E556D0D34}"
EndProject
Global
	GlobalSection(SolutionConfigurationPlatforms) = preSolution
		Debug|Any CPU = Debug|Any CPU
		Release|Any CPU = Release|Any CPU
	EndGlobalSection
	GlobalSection(ProjectConfigurationPlatforms) = postSolution
		{A1E0732D-B696-4F7C-AFBA-0652541AF46D}.Debug|Any CPU.ActiveCfg = Debug|Any CPU
		{A1E0732D-B696-4F7C-AFBA-0652541AF46D}.Debug|Any CPU.Build.0 = Debug|Any CPU
		{A1E0732D-B696-4F7C-AFBA-0652541AF46D}.Release|Any CPU.ActiveCfg = Release|Any CPU
		{A1E0732D-B696-4F7C-AFBA-0652541AF46D}.Release|Any CPU.Build.0 = Release|Any CPU
		{BF949099-AA72-439A-A8C1-BC57DB4C97FE}.Debug|Any CPU.ActiveCfg = Debug|Any CPU
		{BF949099-AA72-439A-A8C1-BC57DB4C97FE}.Debug|Any CPU.Build.0 = Debug|Any CPU
		{BF949099-AA72-439A-A8C1-BC57DB4C97FE}.Release|Any CPU.ActiveCfg = Release|Any CPU
		{BF949099-AA72-439A-A8C1-BC57DB4C97FE}.Release|Any CPU.Build.0 = Release|Any CPU
		{5ACC3F95-91E1-41A0-AAB8-52C363F95EDE}.Debug|Any CPU.ActiveCfg = Debug|Any CPU
		{5ACC3F95-91E1-41A0-AAB8-52C363F95EDE}.Debug|Any CPU.Build.0 = Debug|Any CPU
		{5ACC3F95-91E1-41A0-AAB8-52C363F95EDE}.Release|Any CPU.ActiveCfg = Release|Any CPU
		{5ACC3F95-91E1-41A0-AAB8-52C363F95EDE}.Release|Any CPU.Build.0 = Release|Any CPU
		{51218518-30D5-4CC2-89FB-8E0A6D262027}.Debug|Any CPU.ActiveCfg = Debug|Any CPU
		{51218518-30D5-4CC2-89FB-8E0A6D262027}.Debug|Any CPU.Build.0 = Debug|Any CPU
		{51218518-30D5-4CC2-89FB-8E0A6D262027}.Release|Any CPU.ActiveCfg = Release|Any CPU
		{51218518-30D5-4CC2-89FB-8E0A6D262027}.Release|Any CPU.Build.0 = Release|Any CPU
		{4E841131-BE8E-45E5-B71C-BBC60FD4C3A1}.Debug|Any CPU.ActiveCfg = Debug|Any CPU
		{4E841131-BE8E-45E5-B71C-BBC60FD4C3A1}.Debug|Any CPU.Build.0 = Debug|Any CPU
		{4E841131-BE8E-45E5-B71C-BBC60FD4C3A1}.Release|Any CPU.ActiveCfg = Release|Any CPU
		{4E841131-BE8E-45E5-B71C-BBC60FD4C3A1}.Release|Any CPU.Build.0 = Release|Any CPU
		{ABD335EC-2B6A-4B1F-AE82-7800F4943F16}.Debug|Any CPU.ActiveCfg = Debug|Any CPU
		{ABD335EC-2B6A-4B1F-AE82-7800F4943F16}.Debug|Any CPU.Build.0 = Debug|Any CPU
		{ABD335EC-2B6A-4B1F-AE82-7800F4943F16}.Release|Any CPU.ActiveCfg = Release|Any CPU
		{ABD335EC-2B6A-4B1F-AE82-7800F4943F16}.Release|Any CPU.Build.0 = Release|Any CPU
		{720A0339-E986-4AF5-9079-A114B5CF2227}.Debug|Any CPU.ActiveCfg = Debug|Any CPU
		{720A0339-E986-4AF5-9079-A114B5CF2227}.Debug|Any CPU.Build.0 = Debug|Any CPU
		{720A0339-E986-4AF5-9079-A114B5CF2227}.Release|Any CPU.ActiveCfg = Release|Any CPU
		{720A0339-E986-4AF5-9079-A114B5CF2227}.Release|Any CPU.Build.0 = Release|Any CPU
		{7A7CE511-9230-49CA-9A31-7D4E556D0D34}.Debug|Any CPU.ActiveCfg = Debug|Any CPU
		{7A7CE511-9230-49CA-9A31-7D4E556D0D34}.Debug|Any CPU.Build.0 = Debug|Any CPU
		{7A7CE511-9230-49CA-9A31-7D4E556D0D34}.Release|Any CPU.ActiveCfg = Release|Any CPU
		{7A7CE511-9230-49CA-9A31-7D4E556D0D34}.Release|Any CPU.Build.0 = Release|Any CPU
	EndGlobalSection
	GlobalSection(SolutionProperties) = preSolution
		HideSolutionNode = FALSE
	EndGlobalSection
	GlobalSection(ExtensibilityGlobals) = postSolution
		SolutionGuid = {3E3C761C-16C4-4102-8E3F-8BE561FB8E0C}
	EndGlobalSection
EndGlobal
